
Microsoft Visual Studio Solution File, Format Version 12.00
# Visual Studio Version 16
VisualStudioVersion = 16.0.30002.166
MinimumVisualStudioVersion = 10.0.40219.1
Project("{9A19103F-16F7-4668-BE54-9A1E7A4F7556}") = "WildCircus", "Appli\WildCircus.csproj", "{D6D2D083-825D-45CB-BF86-C586CE5F89CB}"
EndProject
Project("{9A19103F-16F7-4668-BE54-9A1E7A4F7556}") = "C3Server", "Server\C3Server.csproj", "{ECA3BCB0-6E19-4B03-90E6-8D1EA5AF511B}"
EndProject
Global
	GlobalSection(SolutionConfigurationPlatforms) = preSolution
		Debug|Any CPU = Debug|Any CPU
		Release|Any CPU = Release|Any CPU
	EndGlobalSection
	GlobalSection(ProjectConfigurationPlatforms) = postSolution
		{D6D2D083-825D-45CB-BF86-C586CE5F89CB}.Debug|Any CPU.ActiveCfg = Debug|Any CPU
		{D6D2D083-825D-45CB-BF86-C586CE5F89CB}.Debug|Any CPU.Build.0 = Debug|Any CPU
		{D6D2D083-825D-45CB-BF86-C586CE5F89CB}.Release|Any CPU.ActiveCfg = Release|Any CPU
		{D6D2D083-825D-45CB-BF86-C586CE5F89CB}.Release|Any CPU.Build.0 = Release|Any CPU
		{ECA3BCB0-6E19-4B03-90E6-8D1EA5AF511B}.Debug|Any CPU.ActiveCfg = Debug|Any CPU
		{ECA3BCB0-6E19-4B03-90E6-8D1EA5AF511B}.Debug|Any CPU.Build.0 = Debug|Any CPU
		{ECA3BCB0-6E19-4B03-90E6-8D1EA5AF511B}.Release|Any CPU.ActiveCfg = Release|Any CPU
		{ECA3BCB0-6E19-4B03-90E6-8D1EA5AF511B}.Release|Any CPU.Build.0 = Release|Any CPU
	EndGlobalSection
	GlobalSection(SolutionProperties) = preSolution
		HideSolutionNode = FALSE
	EndGlobalSection
	GlobalSection(ExtensibilityGlobals) = postSolution
		SolutionGuid = {34A890E8-75C4-444A-81CD-9D7B64E24631}
	EndGlobalSection
EndGlobal
