
Microsoft Visual Studio Solution File, Format Version 12.00
# Blend for Visual Studio Version 16
VisualStudioVersion = 16.0.30002.166
MinimumVisualStudioVersion = 10.0.40219.1
Project("{FAE04EC0-301F-11D3-BF4B-00C04F79EFBC}") = "WpfApp1", "WpfApp1.csproj", "{06126108-0886-4A95-8E8A-D4088F66F061}"
EndProject
Global
	GlobalSection(SolutionConfigurationPlatforms) = preSolution
		Debug|Any CPU = Debug|Any CPU
		Release|Any CPU = Release|Any CPU
	EndGlobalSection
	GlobalSection(ProjectConfigurationPlatforms) = postSolution
		{06126108-0886-4A95-8E8A-D4088F66F061}.Debug|Any CPU.ActiveCfg = Debug|x86
		{06126108-0886-4A95-8E8A-D4088F66F061}.Release|Any CPU.ActiveCfg = Debug|x86
		{06126108-0886-4A95-8E8A-D4088F66F061}.Release|Any CPU.Build.0 = Debug|x86
	EndGlobalSection
	GlobalSection(SolutionProperties) = preSolution
		HideSolutionNode = FALSE
	EndGlobalSection
	GlobalSection(ExtensibilityGlobals) = postSolution
		SolutionGuid = {5A0F2E13-A789-4412-B21D-B1933A92C6F8}
	EndGlobalSection
EndGlobal
